
Microsoft Visual Studio Solution File, Format Version 12.00
# Visual Studio Version 16
VisualStudioVersion = 16.0.30907.101
MinimumVisualStudioVersion = 10.0.40219.1
Project("{FAE04EC0-301F-11D3-BF4B-00C04F79EFBC}") = "LongestSubstringWithoutRepeatingCharacters", "LongestSubstringWithoutRepeatingCharacters\LongestSubstringWithoutRepeatingCharacters.csproj", "{1FFD4071-EA38-46FE-A548-ACB2C79B9B31}"
EndProject
Project("{FAE04EC0-301F-11D3-BF4B-00C04F79EFBC}") = "TwoSum", "TwoSum\TwoSum.csproj", "{90BCF77E-7AEC-46D6-A81A-297E33F8CC17}"
EndProject
Project("{FAE04EC0-301F-11D3-BF4B-00C04F79EFBC}") = "IsPalindrome", "IsPalindrome\IsPalindrome.csproj", "{62BE4900-276D-4B63-82E6-D94BDC3CE3F1}"
EndProject
Project("{FAE04EC0-301F-11D3-BF4B-00C04F79EFBC}") = "RomanToInteger", "RomanToInteger\RomanToInteger.csproj", "{33EF1792-9EB5-457A-A261-F5C9C44FAE0C}"
EndProject
Project("{FAE04EC0-301F-11D3-BF4B-00C04F79EFBC}") = "LongestCommonPrefix", "LongestCommonPrefix\LongestCommonPrefix.csproj", "{05037DDD-A500-4209-80E4-ADA4B37BBEF7}"
EndProject
Global
	GlobalSection(SolutionConfigurationPlatforms) = preSolution
		Debug|Any CPU = Debug|Any CPU
		Release|Any CPU = Release|Any CPU
	EndGlobalSection
	GlobalSection(ProjectConfigurationPlatforms) = postSolution
		{1FFD4071-EA38-46FE-A548-ACB2C79B9B31}.Debug|Any CPU.ActiveCfg = Debug|Any CPU
		{1FFD4071-EA38-46FE-A548-ACB2C79B9B31}.Debug|Any CPU.Build.0 = Debug|Any CPU
		{1FFD4071-EA38-46FE-A548-ACB2C79B9B31}.Release|Any CPU.ActiveCfg = Release|Any CPU
		{1FFD4071-EA38-46FE-A548-ACB2C79B9B31}.Release|Any CPU.Build.0 = Release|Any CPU
		{90BCF77E-7AEC-46D6-A81A-297E33F8CC17}.Debug|Any CPU.ActiveCfg = Debug|Any CPU
		{90BCF77E-7AEC-46D6-A81A-297E33F8CC17}.Debug|Any CPU.Build.0 = Debug|Any CPU
		{90BCF77E-7AEC-46D6-A81A-297E33F8CC17}.Release|Any CPU.ActiveCfg = Release|Any CPU
		{90BCF77E-7AEC-46D6-A81A-297E33F8CC17}.Release|Any CPU.Build.0 = Release|Any CPU
		{62BE4900-276D-4B63-82E6-D94BDC3CE3F1}.Debug|Any CPU.ActiveCfg = Debug|Any CPU
		{62BE4900-276D-4B63-82E6-D94BDC3CE3F1}.Debug|Any CPU.Build.0 = Debug|Any CPU
		{62BE4900-276D-4B63-82E6-D94BDC3CE3F1}.Release|Any CPU.ActiveCfg = Release|Any CPU
		{62BE4900-276D-4B63-82E6-D94BDC3CE3F1}.Release|Any CPU.Build.0 = Release|Any CPU
		{33EF1792-9EB5-457A-A261-F5C9C44FAE0C}.Debug|Any CPU.ActiveCfg = Debug|Any CPU
		{33EF1792-9EB5-457A-A261-F5C9C44FAE0C}.Debug|Any CPU.Build.0 = Debug|Any CPU
		{33EF1792-9EB5-457A-A261-F5C9C44FAE0C}.Release|Any CPU.ActiveCfg = Release|Any CPU
		{33EF1792-9EB5-457A-A261-F5C9C44FAE0C}.Release|Any CPU.Build.0 = Release|Any CPU
		{05037DDD-A500-4209-80E4-ADA4B37BBEF7}.Debug|Any CPU.ActiveCfg = Debug|Any CPU
		{05037DDD-A500-4209-80E4-ADA4B37BBEF7}.Debug|Any CPU.Build.0 = Debug|Any CPU
		{05037DDD-A500-4209-80E4-ADA4B37BBEF7}.Release|Any CPU.ActiveCfg = Release|Any CPU
		{05037DDD-A500-4209-80E4-ADA4B37BBEF7}.Release|Any CPU.Build.0 = Release|Any CPU
	EndGlobalSection
	GlobalSection(SolutionProperties) = preSolution
		HideSolutionNode = FALSE
	EndGlobalSection
	GlobalSection(ExtensibilityGlobals) = postSolution
		SolutionGuid = {4D83E741-CACE-471F-B9C1-3C98B9EFAE5A}
	EndGlobalSection
EndGlobal
